
Microsoft Visual Studio Solution File, Format Version 12.00
# Visual Studio Version 17
VisualStudioVersion = 17.14.36518.9
MinimumVisualStudioVersion = 10.0.40219.1
Project("{FAE04EC0-301F-11D3-BF4B-00C04F79EFBC}") = "01_MainSubjects", "01_MainSubjects\01_MainSubjects.csproj", "{915B1B90-D744-482B-8422-24BFD61D1AC7}"
EndProject
Project("{FAE04EC0-301F-11D3-BF4B-00C04F79EFBC}") = "02_Variables", "02_Variables\02_Variables.csproj", "{EA634769-31E1-405A-B6E1-8F95625F1C89}"
EndProject
Project("{FAE04EC0-301F-11D3-BF4B-00C04F79EFBC}") = "03_MakingDecision", "03_MakingDecision\03_MakingDecision.csproj", "{5341BDF8-959D-4607-A7DF-8D4FF51D99D2}"
EndProject
Project("{FAE04EC0-301F-11D3-BF4B-00C04F79EFBC}") = "04_Loops", "04_Loops\04_Loops.csproj", "{43DB3651-B798-45FE-9124-D70BC339F687}"
EndProject
Project("{FAE04EC0-301F-11D3-BF4B-00C04F79EFBC}") = "05_LoopsWithStars", "05_LoopsWithStars\05_LoopsWithStars.csproj", "{D5D9148D-1C0D-43EA-9FCC-32620F0DC0C9}"
EndProject
Project("{FAE04EC0-301F-11D3-BF4B-00C04F79EFBC}") = "06_Arrays", "06_Arrays\06_Arrays.csproj", "{466F94B1-A557-4165-8626-E0CD7C76738E}"
EndProject
Project("{FAE04EC0-301F-11D3-BF4B-00C04F79EFBC}") = "07_ForeachLoops", "07_ForeachLoops\07_ForeachLoops.csproj", "{7491F729-52EB-4D76-B62F-5C77F338B773}"
EndProject
Project("{FAE04EC0-301F-11D3-BF4B-00C04F79EFBC}") = "08_Metots", "08_Metots\08_Metots.csproj", "{78776D3E-9D9A-4F1A-8E5D-EDFF87B2680C}"
EndProject
Project("{FAE04EC0-301F-11D3-BF4B-00C04F79EFBC}") = "09_DatabaseProject", "09_DatabasePeoject\09_DatabaseProject.csproj", "{C6A57E37-65F2-4FEC-B52A-35C801E9F9FE}"
EndProject
Global
	GlobalSection(SolutionConfigurationPlatforms) = preSolution
		Debug|Any CPU = Debug|Any CPU
		Release|Any CPU = Release|Any CPU
	EndGlobalSection
	GlobalSection(ProjectConfigurationPlatforms) = postSolution
		{915B1B90-D744-482B-8422-24BFD61D1AC7}.Debug|Any CPU.ActiveCfg = Debug|Any CPU
		{915B1B90-D744-482B-8422-24BFD61D1AC7}.Debug|Any CPU.Build.0 = Debug|Any CPU
		{915B1B90-D744-482B-8422-24BFD61D1AC7}.Release|Any CPU.ActiveCfg = Release|Any CPU
		{915B1B90-D744-482B-8422-24BFD61D1AC7}.Release|Any CPU.Build.0 = Release|Any CPU
		{EA634769-31E1-405A-B6E1-8F95625F1C89}.Debug|Any CPU.ActiveCfg = Debug|Any CPU
		{EA634769-31E1-405A-B6E1-8F95625F1C89}.Debug|Any CPU.Build.0 = Debug|Any CPU
		{EA634769-31E1-405A-B6E1-8F95625F1C89}.Release|Any CPU.ActiveCfg = Release|Any CPU
		{EA634769-31E1-405A-B6E1-8F95625F1C89}.Release|Any CPU.Build.0 = Release|Any CPU
		{5341BDF8-959D-4607-A7DF-8D4FF51D99D2}.Debug|Any CPU.ActiveCfg = Debug|Any CPU
		{5341BDF8-959D-4607-A7DF-8D4FF51D99D2}.Debug|Any CPU.Build.0 = Debug|Any CPU
		{5341BDF8-959D-4607-A7DF-8D4FF51D99D2}.Release|Any CPU.ActiveCfg = Release|Any CPU
		{5341BDF8-959D-4607-A7DF-8D4FF51D99D2}.Release|Any CPU.Build.0 = Release|Any CPU
		{43DB3651-B798-45FE-9124-D70BC339F687}.Debug|Any CPU.ActiveCfg = Debug|Any CPU
		{43DB3651-B798-45FE-9124-D70BC339F687}.Debug|Any CPU.Build.0 = Debug|Any CPU
		{43DB3651-B798-45FE-9124-D70BC339F687}.Release|Any CPU.ActiveCfg = Release|Any CPU
		{43DB3651-B798-45FE-9124-D70BC339F687}.Release|Any CPU.Build.0 = Release|Any CPU
		{D5D9148D-1C0D-43EA-9FCC-32620F0DC0C9}.Debug|Any CPU.ActiveCfg = Debug|Any CPU
		{D5D9148D-1C0D-43EA-9FCC-32620F0DC0C9}.Debug|Any CPU.Build.0 = Debug|Any CPU
		{D5D9148D-1C0D-43EA-9FCC-32620F0DC0C9}.Release|Any CPU.ActiveCfg = Release|Any CPU
		{D5D9148D-1C0D-43EA-9FCC-32620F0DC0C9}.Release|Any CPU.Build.0 = Release|Any CPU
		{466F94B1-A557-4165-8626-E0CD7C76738E}.Debug|Any CPU.ActiveCfg = Debug|Any CPU
		{466F94B1-A557-4165-8626-E0CD7C76738E}.Debug|Any CPU.Build.0 = Debug|Any CPU
		{466F94B1-A557-4165-8626-E0CD7C76738E}.Release|Any CPU.ActiveCfg = Release|Any CPU
		{466F94B1-A557-4165-8626-E0CD7C76738E}.Release|Any CPU.Build.0 = Release|Any CPU
		{7491F729-52EB-4D76-B62F-5C77F338B773}.Debug|Any CPU.ActiveCfg = Debug|Any CPU
		{7491F729-52EB-4D76-B62F-5C77F338B773}.Debug|Any CPU.Build.0 = Debug|Any CPU
		{7491F729-52EB-4D76-B62F-5C77F338B773}.Release|Any CPU.ActiveCfg = Release|Any CPU
		{7491F729-52EB-4D76-B62F-5C77F338B773}.Release|Any CPU.Build.0 = Release|Any CPU
		{78776D3E-9D9A-4F1A-8E5D-EDFF87B2680C}.Debug|Any CPU.ActiveCfg = Debug|Any CPU
		{78776D3E-9D9A-4F1A-8E5D-EDFF87B2680C}.Debug|Any CPU.Build.0 = Debug|Any CPU
		{78776D3E-9D9A-4F1A-8E5D-EDFF87B2680C}.Release|Any CPU.ActiveCfg = Release|Any CPU
		{78776D3E-9D9A-4F1A-8E5D-EDFF87B2680C}.Release|Any CPU.Build.0 = Release|Any CPU
		{C6A57E37-65F2-4FEC-B52A-35C801E9F9FE}.Debug|Any CPU.ActiveCfg = Debug|Any CPU
		{C6A57E37-65F2-4FEC-B52A-35C801E9F9FE}.Debug|Any CPU.Build.0 = Debug|Any CPU
		{C6A57E37-65F2-4FEC-B52A-35C801E9F9FE}.Release|Any CPU.ActiveCfg = Release|Any CPU
		{C6A57E37-65F2-4FEC-B52A-35C801E9F9FE}.Release|Any CPU.Build.0 = Release|Any CPU
	EndGlobalSection
	GlobalSection(SolutionProperties) = preSolution
		HideSolutionNode = FALSE
	EndGlobalSection
	GlobalSection(ExtensibilityGlobals) = postSolution
		SolutionGuid = {F98BAA95-E079-4891-80D9-9AAA3B64F6B3}
	EndGlobalSection
EndGlobal
